
Microsoft Visual Studio Solution File, Format Version 12.00
# Visual Studio Version 16
VisualStudioVersion = 16.0.29209.62
MinimumVisualStudioVersion = 10.0.40219.1
Project("{FAE04EC0-301F-11D3-BF4B-00C04F79EFBC}") = "PlayCardApp.Android", "PlayCardApp\PlayCardApp.Android\PlayCardApp.Android.csproj", "{B3A168CB-23A8-4867-B425-A62C68750B4C}"
EndProject
Project("{FAE04EC0-301F-11D3-BF4B-00C04F79EFBC}") = "PlayCardApp.iOS", "PlayCardApp\PlayCardApp.iOS\PlayCardApp.iOS.csproj", "{0A3DAD33-3A0F-43D4-9261-DEC7D4EFBF91}"
EndProject
Project("{FAE04EC0-301F-11D3-BF4B-00C04F79EFBC}") = "PlayCardApp", "PlayCardApp\PlayCardApp\PlayCardApp.csproj", "{14A72E79-B590-4863-BA5C-EC0A52C35D40}"
EndProject
Global
	GlobalSection(SolutionConfigurationPlatforms) = preSolution
		Debug|Any CPU = Debug|Any CPU
		Debug|iPhone = Debug|iPhone
		Debug|iPhoneSimulator = Debug|iPhoneSimulator
		Release|Any CPU = Release|Any CPU
		Release|iPhone = Release|iPhone
		Release|iPhoneSimulator = Release|iPhoneSimulator
	EndGlobalSection
	GlobalSection(ProjectConfigurationPlatforms) = postSolution
		{B3A168CB-23A8-4867-B425-A62C68750B4C}.Debug|Any CPU.ActiveCfg = Debug|Any CPU
		{B3A168CB-23A8-4867-B425-A62C68750B4C}.Debug|Any CPU.Build.0 = Debug|Any CPU
		{B3A168CB-23A8-4867-B425-A62C68750B4C}.Debug|Any CPU.Deploy.0 = Debug|Any CPU
		{B3A168CB-23A8-4867-B425-A62C68750B4C}.Debug|iPhone.ActiveCfg = Debug|Any CPU
		{B3A168CB-23A8-4867-B425-A62C68750B4C}.Debug|iPhone.Build.0 = Debug|Any CPU
		{B3A168CB-23A8-4867-B425-A62C68750B4C}.Debug|iPhone.Deploy.0 = Debug|Any CPU
		{B3A168CB-23A8-4867-B425-A62C68750B4C}.Debug|iPhoneSimulator.ActiveCfg = Debug|Any CPU
		{B3A168CB-23A8-4867-B425-A62C68750B4C}.Debug|iPhoneSimulator.Build.0 = Debug|Any CPU
		{B3A168CB-23A8-4867-B425-A62C68750B4C}.Debug|iPhoneSimulator.Deploy.0 = Debug|Any CPU
		{B3A168CB-23A8-4867-B425-A62C68750B4C}.Release|Any CPU.ActiveCfg = Release|Any CPU
		{B3A168CB-23A8-4867-B425-A62C68750B4C}.Release|Any CPU.Build.0 = Release|Any CPU
		{B3A168CB-23A8-4867-B425-A62C68750B4C}.Release|Any CPU.Deploy.0 = Release|Any CPU
		{B3A168CB-23A8-4867-B425-A62C68750B4C}.Release|iPhone.ActiveCfg = Release|Any CPU
		{B3A168CB-23A8-4867-B425-A62C68750B4C}.Release|iPhone.Build.0 = Release|Any CPU
		{B3A168CB-23A8-4867-B425-A62C68750B4C}.Release|iPhone.Deploy.0 = Release|Any CPU
		{B3A168CB-23A8-4867-B425-A62C68750B4C}.Release|iPhoneSimulator.ActiveCfg = Release|Any CPU
		{B3A168CB-23A8-4867-B425-A62C68750B4C}.Release|iPhoneSimulator.Build.0 = Release|Any CPU
		{B3A168CB-23A8-4867-B425-A62C68750B4C}.Release|iPhoneSimulator.Deploy.0 = Release|Any CPU
		{0A3DAD33-3A0F-43D4-9261-DEC7D4EFBF91}.Debug|Any CPU.ActiveCfg = Debug|iPhoneSimulator
		{0A3DAD33-3A0F-43D4-9261-DEC7D4EFBF91}.Debug|Any CPU.Build.0 = Debug|iPhoneSimulator
		{0A3DAD33-3A0F-43D4-9261-DEC7D4EFBF91}.Debug|Any CPU.Deploy.0 = Debug|iPhoneSimulator
		{0A3DAD33-3A0F-43D4-9261-DEC7D4EFBF91}.Debug|iPhone.ActiveCfg = Debug|iPhone
		{0A3DAD33-3A0F-43D4-9261-DEC7D4EFBF91}.Debug|iPhone.Build.0 = Debug|iPhone
		{0A3DAD33-3A0F-43D4-9261-DEC7D4EFBF91}.Debug|iPhone.Deploy.0 = Debug|iPhone
		{0A3DAD33-3A0F-43D4-9261-DEC7D4EFBF91}.Debug|iPhoneSimulator.ActiveCfg = Debug|iPhoneSimulator
		{0A3DAD33-3A0F-43D4-9261-DEC7D4EFBF91}.Debug|iPhoneSimulator.Build.0 = Debug|iPhoneSimulator
		{0A3DAD33-3A0F-43D4-9261-DEC7D4EFBF91}.Debug|iPhoneSimulator.Deploy.0 = Debug|iPhoneSimulator
		{0A3DAD33-3A0F-43D4-9261-DEC7D4EFBF91}.Release|Any CPU.ActiveCfg = Release|iPhone
		{0A3DAD33-3A0F-43D4-9261-DEC7D4EFBF91}.Release|Any CPU.Build.0 = Release|iPhone
		{0A3DAD33-3A0F-43D4-9261-DEC7D4EFBF91}.Release|Any CPU.Deploy.0 = Release|iPhone
		{0A3DAD33-3A0F-43D4-9261-DEC7D4EFBF91}.Release|iPhone.ActiveCfg = Release|iPhone
		{0A3DAD33-3A0F-43D4-9261-DEC7D4EFBF91}.Release|iPhone.Build.0 = Release|iPhone
		{0A3DAD33-3A0F-43D4-9261-DEC7D4EFBF91}.Release|iPhone.Deploy.0 = Release|iPhone
		{0A3DAD33-3A0F-43D4-9261-DEC7D4EFBF91}.Release|iPhoneSimulator.ActiveCfg = Release|iPhoneSimulator
		{0A3DAD33-3A0F-43D4-9261-DEC7D4EFBF91}.Release|iPhoneSimulator.Build.0 = Release|iPhoneSimulator
		{0A3DAD33-3A0F-43D4-9261-DEC7D4EFBF91}.Release|iPhoneSimulator.Deploy.0 = Release|iPhoneSimulator
		{14A72E79-B590-4863-BA5C-EC0A52C35D40}.Debug|Any CPU.ActiveCfg = Debug|Any CPU
		{14A72E79-B590-4863-BA5C-EC0A52C35D40}.Debug|Any CPU.Build.0 = Debug|Any CPU
		{14A72E79-B590-4863-BA5C-EC0A52C35D40}.Debug|Any CPU.Deploy.0 = Debug|Any CPU
		{14A72E79-B590-4863-BA5C-EC0A52C35D40}.Debug|iPhone.ActiveCfg = Debug|Any CPU
		{14A72E79-B590-4863-BA5C-EC0A52C35D40}.Debug|iPhone.Build.0 = Debug|Any CPU
		{14A72E79-B590-4863-BA5C-EC0A52C35D40}.Debug|iPhone.Deploy.0 = Debug|Any CPU
		{14A72E79-B590-4863-BA5C-EC0A52C35D40}.Debug|iPhoneSimulator.ActiveCfg = Debug|Any CPU
		{14A72E79-B590-4863-BA5C-EC0A52C35D40}.Debug|iPhoneSimulator.Build.0 = Debug|Any CPU
		{14A72E79-B590-4863-BA5C-EC0A52C35D40}.Debug|iPhoneSimulator.Deploy.0 = Debug|Any CPU
		{14A72E79-B590-4863-BA5C-EC0A52C35D40}.Release|Any CPU.ActiveCfg = Release|Any CPU
		{14A72E79-B590-4863-BA5C-EC0A52C35D40}.Release|Any CPU.Build.0 = Release|Any CPU
		{14A72E79-B590-4863-BA5C-EC0A52C35D40}.Release|Any CPU.Deploy.0 = Release|Any CPU
		{14A72E79-B590-4863-BA5C-EC0A52C35D40}.Release|iPhone.ActiveCfg = Release|Any CPU
		{14A72E79-B590-4863-BA5C-EC0A52C35D40}.Release|iPhone.Build.0 = Release|Any CPU
		{14A72E79-B590-4863-BA5C-EC0A52C35D40}.Release|iPhone.Deploy.0 = Release|Any CPU
		{14A72E79-B590-4863-BA5C-EC0A52C35D40}.Release|iPhoneSimulator.ActiveCfg = Release|Any CPU
		{14A72E79-B590-4863-BA5C-EC0A52C35D40}.Release|iPhoneSimulator.Build.0 = Release|Any CPU
		{14A72E79-B590-4863-BA5C-EC0A52C35D40}.Release|iPhoneSimulator.Deploy.0 = Release|Any CPU
	EndGlobalSection
	GlobalSection(SolutionProperties) = preSolution
		HideSolutionNode = FALSE
	EndGlobalSection
	GlobalSection(ExtensibilityGlobals) = postSolution
		SolutionGuid = {CC9E431F-7C53-44DD-80B9-69ADBE27EA49}
	EndGlobalSection
EndGlobal
